// !$*UTF8*$!
{
	archiveVersion = 1;
	classes = {
	};
	objectVersion = 77;
	objects = {

/* Begin PBXBuildFile section */
		C8EDF0332D4C0038009BEBBD /* WeatherKit.framework in Frameworks */ = {isa = PBXBuildFile; fileRef = C8EDF0322D4C0038009BEBBD /* WeatherKit.framework */; };
/* End PBXBuildFile section */

/* Begin PBXContainerItemProxy section */
		C822AFD32D4210890016AAFD /* PBXContainerItemProxy */ = {
			isa = PBXContainerItemProxy;
			containerPortal = C822AFBA2D4210880016AAFD /* Project object */;
			proxyType = 1;
			remoteGlobalIDString = C822AFC12D4210880016AAFD;
			remoteInfo = weather_app;
		};
		C822AFDD2D4210890016AAFD /* PBXContainerItemProxy */ = {
			isa = PBXContainerItemProxy;
			containerPortal = C822AFBA2D4210880016AAFD /* Project object */;
			proxyType = 1;
			remoteGlobalIDString = C822AFC12D4210880016AAFD;
			remoteInfo = weather_app;
		};
/* End PBXContainerItemProxy section */

/* Begin PBXCopyFilesBuildPhase section */
		C86D8A5B2D4F1D8F00631F9C /* Embed Foundation Extensions */ = {
			isa = PBXCopyFilesBuildPhase;
			buildActionMask = 2147483647;
			dstPath = "";
			dstSubfolderSpec = 13;
			files = (
			);
			name = "Embed Foundation Extensions";
			runOnlyForDeploymentPostprocessing = 0;
		};
/* End PBXCopyFilesBuildPhase section */

/* Begin PBXFileReference section */
		C822AFC22D4210880016AAFD /* weather_app.app */ = {isa = PBXFileReference; explicitFileType = wrapper.application; includeInIndex = 0; path = weather_app.app; sourceTree = BUILT_PRODUCTS_DIR; };
		C822AFD22D4210890016AAFD /* weather_appTests.xctest */ = {isa = PBXFileReference; explicitFileType = wrapper.cfbundle; includeInIndex = 0; path = weather_appTests.xctest; sourceTree = BUILT_PRODUCTS_DIR; };
		C822AFDC2D4210890016AAFD /* weather_appUITests.xctest */ = {isa = PBXFileReference; explicitFileType = wrapper.cfbundle; includeInIndex = 0; path = weather_appUITests.xctest; sourceTree = BUILT_PRODUCTS_DIR; };
<<<<<<< NeedGetLocationToWork
		C86D8A482D4F181900631F9C /* weather_app.xctestplan */ = {isa = PBXFileReference; lastKnownFileType = text; path = weather_app.xctestplan; sourceTree = "<group>"; };
		C86D8A5C2D4F20BC00631F9C /* a7afecef68b1bf043639dd959acad686.gpx */ = {isa = PBXFileReference; lastKnownFileType = text.xml; name = a7afecef68b1bf043639dd959acad686.gpx; path = ../../../Downloads/a7afecef68b1bf043639dd959acad686.gpx; sourceTree = "<group>"; };
=======
		C8EDF0322D4C0038009BEBBD /* WeatherKit.framework */ = {isa = PBXFileReference; lastKnownFileType = wrapper.framework; name = WeatherKit.framework; path = System/Library/Frameworks/WeatherKit.framework; sourceTree = SDKROOT; };
>>>>>>> main
/* End PBXFileReference section */

/* Begin PBXFileSystemSynchronizedBuildFileExceptionSet section */
		C8601EF62D4896A000E6F75B /* Exceptions for "weather_app" folder in "weather_app" target */ = {
			isa = PBXFileSystemSynchronizedBuildFileExceptionSet;
			membershipExceptions = (
				"Preview Content/things to do.txt",
			);
			target = C822AFC12D4210880016AAFD /* weather_app */;
		};
/* End PBXFileSystemSynchronizedBuildFileExceptionSet section */

/* Begin PBXFileSystemSynchronizedGroupBuildPhaseMembershipExceptionSet section */
		C8601EF72D4896A000E6F75B /* Exceptions for "weather_app" folder in "Compile Sources" phase from "weather_app" target */ = {
			isa = PBXFileSystemSynchronizedGroupBuildPhaseMembershipExceptionSet;
			buildPhase = C822AFBE2D4210880016AAFD /* Sources */;
			membershipExceptions = (
				"Preview Content/things to do.txt",
			);
		};
/* End PBXFileSystemSynchronizedGroupBuildPhaseMembershipExceptionSet section */

/* Begin PBXFileSystemSynchronizedRootGroup section */
		C822AFC42D4210880016AAFD /* weather_app */ = {
			isa = PBXFileSystemSynchronizedRootGroup;
			exceptions = (
				C8601EF62D4896A000E6F75B /* Exceptions for "weather_app" folder in "weather_app" target */,
				C8601EF72D4896A000E6F75B /* Exceptions for "weather_app" folder in "Compile Sources" phase from "weather_app" target */,
			);
			path = weather_app;
			sourceTree = "<group>";
		};
		C822AFD52D4210890016AAFD /* weather_appTests */ = {
			isa = PBXFileSystemSynchronizedRootGroup;
			path = weather_appTests;
			sourceTree = "<group>";
		};
		C822AFDF2D4210890016AAFD /* weather_appUITests */ = {
			isa = PBXFileSystemSynchronizedRootGroup;
			path = weather_appUITests;
			sourceTree = "<group>";
		};
		C86D8A502D4F1D8F00631F9C /* RequestLocation */ = {
			isa = PBXFileSystemSynchronizedRootGroup;
			path = RequestLocation;
			sourceTree = "<group>";
		};
/* End PBXFileSystemSynchronizedRootGroup section */

/* Begin PBXFrameworksBuildPhase section */
		C822AFBF2D4210880016AAFD /* Frameworks */ = {
			isa = PBXFrameworksBuildPhase;
			buildActionMask = 2147483647;
			files = (
				C8EDF0332D4C0038009BEBBD /* WeatherKit.framework in Frameworks */,
			);
			runOnlyForDeploymentPostprocessing = 0;
		};
		C822AFCF2D4210890016AAFD /* Frameworks */ = {
			isa = PBXFrameworksBuildPhase;
			buildActionMask = 2147483647;
			files = (
			);
			runOnlyForDeploymentPostprocessing = 0;
		};
		C822AFD92D4210890016AAFD /* Frameworks */ = {
			isa = PBXFrameworksBuildPhase;
			buildActionMask = 2147483647;
			files = (
			);
			runOnlyForDeploymentPostprocessing = 0;
		};
/* End PBXFrameworksBuildPhase section */

/* Begin PBXGroup section */
		C822AFB92D4210880016AAFD = {
			isa = PBXGroup;
			children = (
				C86D8A5C2D4F20BC00631F9C /* a7afecef68b1bf043639dd959acad686.gpx */,
				C86D8A482D4F181900631F9C /* weather_app.xctestplan */,
				C822AFC42D4210880016AAFD /* weather_app */,
				C822AFD52D4210890016AAFD /* weather_appTests */,
				C822AFDF2D4210890016AAFD /* weather_appUITests */,
<<<<<<< NeedGetLocationToWork
				C86D8A502D4F1D8F00631F9C /* RequestLocation */,
=======
				C8EDF0312D4C0038009BEBBD /* Frameworks */,
>>>>>>> main
				C822AFC32D4210880016AAFD /* Products */,
			);
			sourceTree = "<group>";
		};
		C822AFC32D4210880016AAFD /* Products */ = {
			isa = PBXGroup;
			children = (
				C822AFC22D4210880016AAFD /* weather_app.app */,
				C822AFD22D4210890016AAFD /* weather_appTests.xctest */,
				C822AFDC2D4210890016AAFD /* weather_appUITests.xctest */,
			);
			name = Products;
			sourceTree = "<group>";
		};
		C8EDF0312D4C0038009BEBBD /* Frameworks */ = {
			isa = PBXGroup;
			children = (
				C8EDF0322D4C0038009BEBBD /* WeatherKit.framework */,
			);
			name = Frameworks;
			sourceTree = "<group>";
		};
/* End PBXGroup section */

/* Begin PBXNativeTarget section */
		C822AFC12D4210880016AAFD /* weather_app */ = {
			isa = PBXNativeTarget;
			buildConfigurationList = C822AFE62D4210890016AAFD /* Build configuration list for PBXNativeTarget "weather_app" */;
			buildPhases = (
				C822AFBE2D4210880016AAFD /* Sources */,
				C822AFBF2D4210880016AAFD /* Frameworks */,
				C822AFC02D4210880016AAFD /* Resources */,
				C86D8A5B2D4F1D8F00631F9C /* Embed Foundation Extensions */,
			);
			buildRules = (
			);
			dependencies = (
			);
			fileSystemSynchronizedGroups = (
				C822AFC42D4210880016AAFD /* weather_app */,
			);
			name = weather_app;
			packageProductDependencies = (
			);
			productName = weather_app;
			productReference = C822AFC22D4210880016AAFD /* weather_app.app */;
			productType = "com.apple.product-type.application";
		};
		C822AFD12D4210890016AAFD /* weather_appTests */ = {
			isa = PBXNativeTarget;
			buildConfigurationList = C822AFE92D4210890016AAFD /* Build configuration list for PBXNativeTarget "weather_appTests" */;
			buildPhases = (
				C822AFCE2D4210890016AAFD /* Sources */,
				C822AFCF2D4210890016AAFD /* Frameworks */,
				C822AFD02D4210890016AAFD /* Resources */,
			);
			buildRules = (
			);
			dependencies = (
				C822AFD42D4210890016AAFD /* PBXTargetDependency */,
			);
			fileSystemSynchronizedGroups = (
				C822AFD52D4210890016AAFD /* weather_appTests */,
			);
			name = weather_appTests;
			packageProductDependencies = (
			);
			productName = weather_appTests;
			productReference = C822AFD22D4210890016AAFD /* weather_appTests.xctest */;
			productType = "com.apple.product-type.bundle.unit-test";
		};
		C822AFDB2D4210890016AAFD /* weather_appUITests */ = {
			isa = PBXNativeTarget;
			buildConfigurationList = C822AFEC2D4210890016AAFD /* Build configuration list for PBXNativeTarget "weather_appUITests" */;
			buildPhases = (
				C822AFD82D4210890016AAFD /* Sources */,
				C822AFD92D4210890016AAFD /* Frameworks */,
				C822AFDA2D4210890016AAFD /* Resources */,
			);
			buildRules = (
			);
			dependencies = (
				C822AFDE2D4210890016AAFD /* PBXTargetDependency */,
			);
			fileSystemSynchronizedGroups = (
				C822AFDF2D4210890016AAFD /* weather_appUITests */,
			);
			name = weather_appUITests;
			packageProductDependencies = (
			);
			productName = weather_appUITests;
			productReference = C822AFDC2D4210890016AAFD /* weather_appUITests.xctest */;
			productType = "com.apple.product-type.bundle.ui-testing";
		};
/* End PBXNativeTarget section */

/* Begin PBXProject section */
		C822AFBA2D4210880016AAFD /* Project object */ = {
			isa = PBXProject;
			attributes = {
				BuildIndependentTargetsInParallel = 1;
				LastSwiftUpdateCheck = 1620;
				LastUpgradeCheck = 1620;
				TargetAttributes = {
					C822AFC12D4210880016AAFD = {
						CreatedOnToolsVersion = 16.2;
					};
					C822AFD12D4210890016AAFD = {
						CreatedOnToolsVersion = 16.2;
						TestTargetID = C822AFC12D4210880016AAFD;
					};
					C822AFDB2D4210890016AAFD = {
						CreatedOnToolsVersion = 16.2;
						TestTargetID = C822AFC12D4210880016AAFD;
					};
				};
			};
			buildConfigurationList = C822AFBD2D4210880016AAFD /* Build configuration list for PBXProject "weather_app" */;
			developmentRegion = en;
			hasScannedForEncodings = 0;
			knownRegions = (
				en,
				Base,
			);
			mainGroup = C822AFB92D4210880016AAFD;
			minimizedProjectReferenceProxies = 1;
			preferredProjectObjectVersion = 77;
			productRefGroup = C822AFC32D4210880016AAFD /* Products */;
			projectDirPath = "";
			projectRoot = "";
			targets = (
				C822AFC12D4210880016AAFD /* weather_app */,
				C822AFD12D4210890016AAFD /* weather_appTests */,
				C822AFDB2D4210890016AAFD /* weather_appUITests */,
			);
		};
/* End PBXProject section */

/* Begin PBXResourcesBuildPhase section */
		C822AFC02D4210880016AAFD /* Resources */ = {
			isa = PBXResourcesBuildPhase;
			buildActionMask = 2147483647;
			files = (
			);
			runOnlyForDeploymentPostprocessing = 0;
		};
		C822AFD02D4210890016AAFD /* Resources */ = {
			isa = PBXResourcesBuildPhase;
			buildActionMask = 2147483647;
			files = (
			);
			runOnlyForDeploymentPostprocessing = 0;
		};
		C822AFDA2D4210890016AAFD /* Resources */ = {
			isa = PBXResourcesBuildPhase;
			buildActionMask = 2147483647;
			files = (
			);
			runOnlyForDeploymentPostprocessing = 0;
		};
/* End PBXResourcesBuildPhase section */

/* Begin PBXSourcesBuildPhase section */
		C822AFBE2D4210880016AAFD /* Sources */ = {
			isa = PBXSourcesBuildPhase;
			buildActionMask = 2147483647;
			files = (
			);
			runOnlyForDeploymentPostprocessing = 0;
		};
		C822AFCE2D4210890016AAFD /* Sources */ = {
			isa = PBXSourcesBuildPhase;
			buildActionMask = 2147483647;
			files = (
			);
			runOnlyForDeploymentPostprocessing = 0;
		};
		C822AFD82D4210890016AAFD /* Sources */ = {
			isa = PBXSourcesBuildPhase;
			buildActionMask = 2147483647;
			files = (
			);
			runOnlyForDeploymentPostprocessing = 0;
		};
/* End PBXSourcesBuildPhase section */

/* Begin PBXTargetDependency section */
		C822AFD42D4210890016AAFD /* PBXTargetDependency */ = {
			isa = PBXTargetDependency;
			target = C822AFC12D4210880016AAFD /* weather_app */;
			targetProxy = C822AFD32D4210890016AAFD /* PBXContainerItemProxy */;
		};
		C822AFDE2D4210890016AAFD /* PBXTargetDependency */ = {
			isa = PBXTargetDependency;
			target = C822AFC12D4210880016AAFD /* weather_app */;
			targetProxy = C822AFDD2D4210890016AAFD /* PBXContainerItemProxy */;
		};
/* End PBXTargetDependency section */

/* Begin XCBuildConfiguration section */
		C822AFE42D4210890016AAFD /* Debug */ = {
			isa = XCBuildConfiguration;
			buildSettings = {
				ALWAYS_SEARCH_USER_PATHS = NO;
				ASSETCATALOG_COMPILER_GENERATE_SWIFT_ASSET_SYMBOL_EXTENSIONS = YES;
				CLANG_ANALYZER_NONNULL = YES;
				CLANG_ANALYZER_NUMBER_OBJECT_CONVERSION = YES_AGGRESSIVE;
				CLANG_CXX_LANGUAGE_STANDARD = "gnu++20";
				CLANG_ENABLE_MODULES = YES;
				CLANG_ENABLE_OBJC_ARC = YES;
				CLANG_ENABLE_OBJC_WEAK = YES;
				CLANG_WARN_BLOCK_CAPTURE_AUTORELEASING = YES;
				CLANG_WARN_BOOL_CONVERSION = YES;
				CLANG_WARN_COMMA = YES;
				CLANG_WARN_CONSTANT_CONVERSION = YES;
				CLANG_WARN_DEPRECATED_OBJC_IMPLEMENTATIONS = YES;
				CLANG_WARN_DIRECT_OBJC_ISA_USAGE = YES_ERROR;
				CLANG_WARN_DOCUMENTATION_COMMENTS = YES;
				CLANG_WARN_EMPTY_BODY = YES;
				CLANG_WARN_ENUM_CONVERSION = YES;
				CLANG_WARN_INFINITE_RECURSION = YES;
				CLANG_WARN_INT_CONVERSION = YES;
				CLANG_WARN_NON_LITERAL_NULL_CONVERSION = YES;
				CLANG_WARN_OBJC_IMPLICIT_RETAIN_SELF = YES;
				CLANG_WARN_OBJC_LITERAL_CONVERSION = YES;
				CLANG_WARN_OBJC_ROOT_CLASS = YES_ERROR;
				CLANG_WARN_QUOTED_INCLUDE_IN_FRAMEWORK_HEADER = YES;
				CLANG_WARN_RANGE_LOOP_ANALYSIS = YES;
				CLANG_WARN_STRICT_PROTOTYPES = YES;
				CLANG_WARN_SUSPICIOUS_MOVE = YES;
				CLANG_WARN_UNGUARDED_AVAILABILITY = YES_AGGRESSIVE;
				CLANG_WARN_UNREACHABLE_CODE = YES;
				CLANG_WARN__DUPLICATE_METHOD_MATCH = YES;
				COPY_PHASE_STRIP = NO;
				DEBUG_INFORMATION_FORMAT = dwarf;
				ENABLE_STRICT_OBJC_MSGSEND = YES;
				ENABLE_TESTABILITY = YES;
				ENABLE_USER_SCRIPT_SANDBOXING = YES;
				GCC_C_LANGUAGE_STANDARD = gnu17;
				GCC_DYNAMIC_NO_PIC = NO;
				GCC_NO_COMMON_BLOCKS = YES;
				GCC_OPTIMIZATION_LEVEL = 0;
				GCC_PREPROCESSOR_DEFINITIONS = (
					"DEBUG=1",
					"$(inherited)",
				);
				GCC_WARN_64_TO_32_BIT_CONVERSION = YES;
				GCC_WARN_ABOUT_RETURN_TYPE = YES_ERROR;
				GCC_WARN_UNDECLARED_SELECTOR = YES;
				GCC_WARN_UNINITIALIZED_AUTOS = YES_AGGRESSIVE;
				GCC_WARN_UNUSED_FUNCTION = YES;
				GCC_WARN_UNUSED_VARIABLE = YES;
				IPHONEOS_DEPLOYMENT_TARGET = 18.2;
				LOCALIZATION_PREFERS_STRING_CATALOGS = YES;
				MTL_ENABLE_DEBUG_INFO = INCLUDE_SOURCE;
				MTL_FAST_MATH = YES;
				ONLY_ACTIVE_ARCH = YES;
				SDKROOT = iphoneos;
				SWIFT_ACTIVE_COMPILATION_CONDITIONS = "DEBUG $(inherited)";
				SWIFT_OPTIMIZATION_LEVEL = "-Onone";
			};
			name = Debug;
		};
		C822AFE52D4210890016AAFD /* Release */ = {
			isa = XCBuildConfiguration;
			buildSettings = {
				ALWAYS_SEARCH_USER_PATHS = NO;
				ASSETCATALOG_COMPILER_GENERATE_SWIFT_ASSET_SYMBOL_EXTENSIONS = YES;
				CLANG_ANALYZER_NONNULL = YES;
				CLANG_ANALYZER_NUMBER_OBJECT_CONVERSION = YES_AGGRESSIVE;
				CLANG_CXX_LANGUAGE_STANDARD = "gnu++20";
				CLANG_ENABLE_MODULES = YES;
				CLANG_ENABLE_OBJC_ARC = YES;
				CLANG_ENABLE_OBJC_WEAK = YES;
				CLANG_WARN_BLOCK_CAPTURE_AUTORELEASING = YES;
				CLANG_WARN_BOOL_CONVERSION = YES;
				CLANG_WARN_COMMA = YES;
				CLANG_WARN_CONSTANT_CONVERSION = YES;
				CLANG_WARN_DEPRECATED_OBJC_IMPLEMENTATIONS = YES;
				CLANG_WARN_DIRECT_OBJC_ISA_USAGE = YES_ERROR;
				CLANG_WARN_DOCUMENTATION_COMMENTS = YES;
				CLANG_WARN_EMPTY_BODY = YES;
				CLANG_WARN_ENUM_CONVERSION = YES;
				CLANG_WARN_INFINITE_RECURSION = YES;
				CLANG_WARN_INT_CONVERSION = YES;
				CLANG_WARN_NON_LITERAL_NULL_CONVERSION = YES;
				CLANG_WARN_OBJC_IMPLICIT_RETAIN_SELF = YES;
				CLANG_WARN_OBJC_LITERAL_CONVERSION = YES;
				CLANG_WARN_OBJC_ROOT_CLASS = YES_ERROR;
				CLANG_WARN_QUOTED_INCLUDE_IN_FRAMEWORK_HEADER = YES;
				CLANG_WARN_RANGE_LOOP_ANALYSIS = YES;
				CLANG_WARN_STRICT_PROTOTYPES = YES;
				CLANG_WARN_SUSPICIOUS_MOVE = YES;
				CLANG_WARN_UNGUARDED_AVAILABILITY = YES_AGGRESSIVE;
				CLANG_WARN_UNREACHABLE_CODE = YES;
				CLANG_WARN__DUPLICATE_METHOD_MATCH = YES;
				COPY_PHASE_STRIP = NO;
				DEBUG_INFORMATION_FORMAT = "dwarf-with-dsym";
				ENABLE_NS_ASSERTIONS = NO;
				ENABLE_STRICT_OBJC_MSGSEND = YES;
				ENABLE_USER_SCRIPT_SANDBOXING = YES;
				GCC_C_LANGUAGE_STANDARD = gnu17;
				GCC_NO_COMMON_BLOCKS = YES;
				GCC_WARN_64_TO_32_BIT_CONVERSION = YES;
				GCC_WARN_ABOUT_RETURN_TYPE = YES_ERROR;
				GCC_WARN_UNDECLARED_SELECTOR = YES;
				GCC_WARN_UNINITIALIZED_AUTOS = YES_AGGRESSIVE;
				GCC_WARN_UNUSED_FUNCTION = YES;
				GCC_WARN_UNUSED_VARIABLE = YES;
				IPHONEOS_DEPLOYMENT_TARGET = 18.2;
				LOCALIZATION_PREFERS_STRING_CATALOGS = YES;
				MTL_ENABLE_DEBUG_INFO = NO;
				MTL_FAST_MATH = YES;
				SDKROOT = iphoneos;
				SWIFT_COMPILATION_MODE = wholemodule;
				VALIDATE_PRODUCT = YES;
			};
			name = Release;
		};
		C822AFE72D4210890016AAFD /* Debug */ = {
			isa = XCBuildConfiguration;
			buildSettings = {
				ASSETCATALOG_COMPILER_APPICON_NAME = AppIcon;
				ASSETCATALOG_COMPILER_GLOBAL_ACCENT_COLOR_NAME = AccentColor;
				ASSETCATALOG_COMPILER_INCLUDE_ALL_APPICON_ASSETS = NO;
				CODE_SIGN_ENTITLEMENTS = weather_app/weather_app.entitlements;
				CODE_SIGN_STYLE = Automatic;
				CURRENT_PROJECT_VERSION = 4;
				DEVELOPMENT_ASSET_PATHS = "\"weather_app/Preview Content\"";
				DEVELOPMENT_TEAM = 62CN6X3LZ7;
				ENABLE_PREVIEWS = YES;
				GENERATE_INFOPLIST_FILE = YES;
				INFOPLIST_FILE = "weather-app-Info.plist";
<<<<<<< NeedGetLocationToWork
				INFOPLIST_KEY_NSFileProviderDomainUsageDescription = "Your app needs to provide access to your location for location-based services.";
				INFOPLIST_KEY_UIApplicationSceneManifest_Generation = YES;
				INFOPLIST_KEY_UIApplicationSupportsIndirectInputEvents = YES;
				INFOPLIST_KEY_UILaunchScreen_Generation = YES;
				INFOPLIST_KEY_UILaunchStoryboardName = "Launch Screen";
				INFOPLIST_KEY_UISupportedInterfaceOrientations_iPad = "UIInterfaceOrientationPortrait UIInterfaceOrientationPortraitUpsideDown UIInterfaceOrientationLandscapeLeft UIInterfaceOrientationLandscapeRight";
				INFOPLIST_KEY_UISupportedInterfaceOrientations_iPhone = "UIInterfaceOrientationPortrait UIInterfaceOrientationLandscapeLeft UIInterfaceOrientationLandscapeRight";
=======
				INFOPLIST_KEY_LSApplicationCategoryType = "public.app-category.weather";
				INFOPLIST_KEY_UIApplicationSceneManifest_Generation = YES;
				INFOPLIST_KEY_UIApplicationSupportsIndirectInputEvents = YES;
				INFOPLIST_KEY_UILaunchScreen_Generation = YES;
				INFOPLIST_KEY_UILaunchStoryboardName = LaunchScreen;
				INFOPLIST_KEY_UIStatusBarStyle = "";
				INFOPLIST_KEY_UISupportedInterfaceOrientations = UIInterfaceOrientationPortrait;
				INFOPLIST_KEY_UISupportedInterfaceOrientations_iPad = "UIInterfaceOrientationLandscapeLeft UIInterfaceOrientationLandscapeRight UIInterfaceOrientationPortrait UIInterfaceOrientationPortraitUpsideDown";
>>>>>>> main
				IPHONEOS_DEPLOYMENT_TARGET = 18.0;
				LD_RUNPATH_SEARCH_PATHS = (
					"$(inherited)",
					"@executable_path/Frameworks",
				);
				MARKETING_VERSION = 1.0.3;
				PRODUCT_BUNDLE_IDENTIFIER = "amos.weather-app";
				PRODUCT_NAME = "$(TARGET_NAME)";
				SUPPORTED_PLATFORMS = "iphoneos iphonesimulator";
				SUPPORTS_MACCATALYST = NO;
				SUPPORTS_MAC_DESIGNED_FOR_IPHONE_IPAD = NO;
				SUPPORTS_XR_DESIGNED_FOR_IPHONE_IPAD = NO;
				SWIFT_EMIT_LOC_STRINGS = YES;
				SWIFT_VERSION = 5.0;
				TARGETED_DEVICE_FAMILY = 1;
			};
			name = Debug;
		};
		C822AFE82D4210890016AAFD /* Release */ = {
			isa = XCBuildConfiguration;
			buildSettings = {
				ASSETCATALOG_COMPILER_APPICON_NAME = AppIcon;
				ASSETCATALOG_COMPILER_GLOBAL_ACCENT_COLOR_NAME = AccentColor;
				ASSETCATALOG_COMPILER_INCLUDE_ALL_APPICON_ASSETS = NO;
				CODE_SIGN_ENTITLEMENTS = weather_app/weather_app.entitlements;
				CODE_SIGN_STYLE = Automatic;
				CURRENT_PROJECT_VERSION = 4;
				DEVELOPMENT_ASSET_PATHS = "\"weather_app/Preview Content\"";
				DEVELOPMENT_TEAM = 62CN6X3LZ7;
				ENABLE_PREVIEWS = YES;
				GENERATE_INFOPLIST_FILE = YES;
				INFOPLIST_FILE = "weather-app-Info.plist";
<<<<<<< NeedGetLocationToWork
				INFOPLIST_KEY_NSFileProviderDomainUsageDescription = "Your app needs to provide access to your location for location-based services.";
				INFOPLIST_KEY_UIApplicationSceneManifest_Generation = YES;
				INFOPLIST_KEY_UIApplicationSupportsIndirectInputEvents = YES;
				INFOPLIST_KEY_UILaunchScreen_Generation = YES;
				INFOPLIST_KEY_UILaunchStoryboardName = "Launch Screen";
				INFOPLIST_KEY_UISupportedInterfaceOrientations_iPad = "UIInterfaceOrientationPortrait UIInterfaceOrientationPortraitUpsideDown UIInterfaceOrientationLandscapeLeft UIInterfaceOrientationLandscapeRight";
				INFOPLIST_KEY_UISupportedInterfaceOrientations_iPhone = "UIInterfaceOrientationPortrait UIInterfaceOrientationLandscapeLeft UIInterfaceOrientationLandscapeRight";
=======
				INFOPLIST_KEY_LSApplicationCategoryType = "public.app-category.weather";
				INFOPLIST_KEY_UIApplicationSceneManifest_Generation = YES;
				INFOPLIST_KEY_UIApplicationSupportsIndirectInputEvents = YES;
				INFOPLIST_KEY_UILaunchScreen_Generation = YES;
				INFOPLIST_KEY_UILaunchStoryboardName = LaunchScreen;
				INFOPLIST_KEY_UIStatusBarStyle = "";
				INFOPLIST_KEY_UISupportedInterfaceOrientations = UIInterfaceOrientationPortrait;
				INFOPLIST_KEY_UISupportedInterfaceOrientations_iPad = "UIInterfaceOrientationLandscapeLeft UIInterfaceOrientationLandscapeRight UIInterfaceOrientationPortrait UIInterfaceOrientationPortraitUpsideDown";
>>>>>>> main
				IPHONEOS_DEPLOYMENT_TARGET = 18.0;
				LD_RUNPATH_SEARCH_PATHS = (
					"$(inherited)",
					"@executable_path/Frameworks",
				);
				MARKETING_VERSION = 1.0.3;
				PRODUCT_BUNDLE_IDENTIFIER = "amos.weather-app";
				PRODUCT_NAME = "$(TARGET_NAME)";
				SUPPORTED_PLATFORMS = "iphoneos iphonesimulator";
				SUPPORTS_MACCATALYST = NO;
				SUPPORTS_MAC_DESIGNED_FOR_IPHONE_IPAD = NO;
				SUPPORTS_XR_DESIGNED_FOR_IPHONE_IPAD = NO;
				SWIFT_EMIT_LOC_STRINGS = YES;
				SWIFT_VERSION = 5.0;
				TARGETED_DEVICE_FAMILY = 1;
			};
			name = Release;
		};
		C822AFEA2D4210890016AAFD /* Debug */ = {
			isa = XCBuildConfiguration;
			buildSettings = {
				BUNDLE_LOADER = "$(TEST_HOST)";
				CODE_SIGN_STYLE = Automatic;
				CURRENT_PROJECT_VERSION = 1;
				DEVELOPMENT_TEAM = 62CN6X3LZ7;
				GENERATE_INFOPLIST_FILE = YES;
				IPHONEOS_DEPLOYMENT_TARGET = 18.2;
				MARKETING_VERSION = 1.0;
				PRODUCT_BUNDLE_IDENTIFIER = "amos.weather-appTests";
				PRODUCT_NAME = "$(TARGET_NAME)";
				SWIFT_EMIT_LOC_STRINGS = NO;
				SWIFT_VERSION = 5.0;
				TARGETED_DEVICE_FAMILY = "1,2";
				TEST_HOST = "$(BUILT_PRODUCTS_DIR)/weather_app.app/$(BUNDLE_EXECUTABLE_FOLDER_PATH)/weather_app";
			};
			name = Debug;
		};
		C822AFEB2D4210890016AAFD /* Release */ = {
			isa = XCBuildConfiguration;
			buildSettings = {
				BUNDLE_LOADER = "$(TEST_HOST)";
				CODE_SIGN_STYLE = Automatic;
				CURRENT_PROJECT_VERSION = 1;
				DEVELOPMENT_TEAM = 62CN6X3LZ7;
				GENERATE_INFOPLIST_FILE = YES;
				IPHONEOS_DEPLOYMENT_TARGET = 18.2;
				MARKETING_VERSION = 1.0;
				PRODUCT_BUNDLE_IDENTIFIER = "amos.weather-appTests";
				PRODUCT_NAME = "$(TARGET_NAME)";
				SWIFT_EMIT_LOC_STRINGS = NO;
				SWIFT_VERSION = 5.0;
				TARGETED_DEVICE_FAMILY = "1,2";
				TEST_HOST = "$(BUILT_PRODUCTS_DIR)/weather_app.app/$(BUNDLE_EXECUTABLE_FOLDER_PATH)/weather_app";
			};
			name = Release;
		};
		C822AFED2D4210890016AAFD /* Debug */ = {
			isa = XCBuildConfiguration;
			buildSettings = {
				CODE_SIGN_STYLE = Automatic;
				CURRENT_PROJECT_VERSION = 1;
				DEVELOPMENT_TEAM = 62CN6X3LZ7;
				GENERATE_INFOPLIST_FILE = YES;
				MARKETING_VERSION = 1.0;
				PRODUCT_BUNDLE_IDENTIFIER = "amos.weather-appUITests";
				PRODUCT_NAME = "$(TARGET_NAME)";
				SWIFT_EMIT_LOC_STRINGS = NO;
				SWIFT_VERSION = 5.0;
				TARGETED_DEVICE_FAMILY = "1,2";
				TEST_TARGET_NAME = weather_app;
			};
			name = Debug;
		};
		C822AFEE2D4210890016AAFD /* Release */ = {
			isa = XCBuildConfiguration;
			buildSettings = {
				CODE_SIGN_STYLE = Automatic;
				CURRENT_PROJECT_VERSION = 1;
				DEVELOPMENT_TEAM = 62CN6X3LZ7;
				GENERATE_INFOPLIST_FILE = YES;
				MARKETING_VERSION = 1.0;
				PRODUCT_BUNDLE_IDENTIFIER = "amos.weather-appUITests";
				PRODUCT_NAME = "$(TARGET_NAME)";
				SWIFT_EMIT_LOC_STRINGS = NO;
				SWIFT_VERSION = 5.0;
				TARGETED_DEVICE_FAMILY = "1,2";
				TEST_TARGET_NAME = weather_app;
			};
			name = Release;
		};
/* End XCBuildConfiguration section */

/* Begin XCConfigurationList section */
		C822AFBD2D4210880016AAFD /* Build configuration list for PBXProject "weather_app" */ = {
			isa = XCConfigurationList;
			buildConfigurations = (
				C822AFE42D4210890016AAFD /* Debug */,
				C822AFE52D4210890016AAFD /* Release */,
			);
			defaultConfigurationIsVisible = 0;
			defaultConfigurationName = Release;
		};
		C822AFE62D4210890016AAFD /* Build configuration list for PBXNativeTarget "weather_app" */ = {
			isa = XCConfigurationList;
			buildConfigurations = (
				C822AFE72D4210890016AAFD /* Debug */,
				C822AFE82D4210890016AAFD /* Release */,
			);
			defaultConfigurationIsVisible = 0;
			defaultConfigurationName = Release;
		};
		C822AFE92D4210890016AAFD /* Build configuration list for PBXNativeTarget "weather_appTests" */ = {
			isa = XCConfigurationList;
			buildConfigurations = (
				C822AFEA2D4210890016AAFD /* Debug */,
				C822AFEB2D4210890016AAFD /* Release */,
			);
			defaultConfigurationIsVisible = 0;
			defaultConfigurationName = Release;
		};
		C822AFEC2D4210890016AAFD /* Build configuration list for PBXNativeTarget "weather_appUITests" */ = {
			isa = XCConfigurationList;
			buildConfigurations = (
				C822AFED2D4210890016AAFD /* Debug */,
				C822AFEE2D4210890016AAFD /* Release */,
			);
			defaultConfigurationIsVisible = 0;
			defaultConfigurationName = Release;
		};
/* End XCConfigurationList section */
	};
	rootObject = C822AFBA2D4210880016AAFD /* Project object */;
}
